
Microsoft Visual Studio Solution File, Format Version 12.00
# Visual Studio Version 17
VisualStudioVersion = 17.5.33530.505
MinimumVisualStudioVersion = 10.0.40219.1
Project("{FAE04EC0-301F-11D3-BF4B-00C04F79EFBC}") = "BiblioProj", "BiblioProj\BiblioProj.csproj", "{98579220-9B02-446F-B156-45E1A31B6E54}"
EndProject
Global
	GlobalSection(SolutionConfigurationPlatforms) = preSolution
		Debug|Any CPU = Debug|Any CPU
		Release|Any CPU = Release|Any CPU
	EndGlobalSection
	GlobalSection(ProjectConfigurationPlatforms) = postSolution
		{98579220-9B02-446F-B156-45E1A31B6E54}.Debug|Any CPU.ActiveCfg = Debug|Any CPU
		{98579220-9B02-446F-B156-45E1A31B6E54}.Debug|Any CPU.Build.0 = Debug|Any CPU
		{98579220-9B02-446F-B156-45E1A31B6E54}.Release|Any CPU.ActiveCfg = Release|Any CPU
		{98579220-9B02-446F-B156-45E1A31B6E54}.Release|Any CPU.Build.0 = Release|Any CPU
	EndGlobalSection
	GlobalSection(SolutionProperties) = preSolution
		HideSolutionNode = FALSE
	EndGlobalSection
	GlobalSection(ExtensibilityGlobals) = postSolution
		SolutionGuid = {818B2F4E-027D-4BB1-883B-16516F6CCFDD}
	EndGlobalSection
EndGlobal
